{
  "name": "@paraboly/pwc-multi-filter",
  "version": "1.0.0",
  "lockfileVersion": 1,
  "requires": true,
  "dependencies": {
    "@paraboly/pwc-choices": {
      "version": "4.3.2",
      "resolved": "https://registry.npmjs.org/@paraboly/pwc-choices/-/pwc-choices-4.3.2.tgz",
      "integrity": "sha512-Gi+YNLA0qaTHsa2ku0PIYVku+UeC/lYDV7IdpS6BVELM5C+P+2iB0BWab72eohqIJszqxgVPB0T36c4fidOI5g==",
      "requires": {
        "@types/lodash": "^4.14.149",
        "fuzzy": "^0.1.3",
        "lodash": "^4.17.15"
      }
    },
    "@paraboly/pwc-color-picker": {
      "version": "2.0.1",
      "resolved": "https://registry.npmjs.org/@paraboly/pwc-color-picker/-/pwc-color-picker-2.0.1.tgz",
      "integrity": "sha512-Z6ZZZxjSouCYYka6fTdbnbZu7x9oiMcjpZyCa4vpoKIyiWKMl0Y3TS2EOV3QyQjiEQnY0nLsr4UZmzHIK5YFVQ==",
      "requires": {
        "@simonwep/pickr": "^1.5.0"
      }
    },
    "@paraboly/pwc-dynamic-form": {
      "version": "3.2.1",
      "resolved": "https://registry.npmjs.org/@paraboly/pwc-dynamic-form/-/pwc-dynamic-form-3.2.1.tgz",
      "integrity": "sha512-6ndCijmaxKrGKM7tlhhMtDrNSExQEULEjMkHKiga81aSsLWgSN0bxn3rPINO11SQ0eFNaJf/DODXpx4UmEeepg==",
      "requires": {
        "@paraboly/pwc-choices": "^4.3.2",
        "@paraboly/pwc-color-picker": "^2.0.1",
        "linq": "^3.2.1",
        "lodash": "^4.17.15"
      }
    },
    "@paraboly/pwc-filter": {
      "version": "1.0.2",
      "resolved": "https://registry.npmjs.org/@paraboly/pwc-filter/-/pwc-filter-1.0.2.tgz",
      "integrity": "sha512-3NCtJk3crUqBrbqoR9ihI2Lf+LQUdR+L1cSKOVslkteJukRZG0IJO3SVmWFlfy6aKxTmn4yE7OYM8tzZa753Mw==",
      "requires": {
        "@paraboly/pwc-dynamic-form": "^3.2.1",
        "linq": "^3.2.1"
      }
    },
    "@paraboly/pwc-tabview": {
      "version": "3.1.0",
      "resolved": "https://registry.npmjs.org/@paraboly/pwc-tabview/-/pwc-tabview-3.1.0.tgz",
      "integrity": "sha512-FcCSiUeGjunNQHjcqer/caASGx3ooXttvf39x40R4pptqEgIAsO4C5nX0k6Jzj/fxQXzUYlLAZogKWIbGtszyg=="
    },
    "@simonwep/pickr": {
      "version": "1.5.0",
      "resolved": "https://registry.npmjs.org/@simonwep/pickr/-/pickr-1.5.0.tgz",
      "integrity": "sha512-WamaJhF9XfhvQ+nG18T3SoJgetsp219FVvz4SVuIdyptpwME1teLY77/Hqq5jaRS4vNd+XsOuQuWzBKcGvF0Ug==",
      "requires": {
        "core-js": "^3.6.2"
      }
    },
    "@types/lodash": {
      "version": "4.14.149",
      "resolved": "https://registry.npmjs.org/@types/lodash/-/lodash-4.14.149.tgz",
      "integrity": "sha512-ijGqzZt/b7BfzcK9vTrS6MFljQRPn5BFWOx8oE0GYxribu6uV+aA9zZuXI1zc/etK9E8nrgdoF2+LgUw7+9tJQ=="
    },
    "core-js": {
      "version": "3.6.4",
      "resolved": "https://registry.npmjs.org/core-js/-/core-js-3.6.4.tgz",
      "integrity": "sha512-4paDGScNgZP2IXXilaffL9X7968RuvwlkK3xWtZRVqgd8SYNiVKRJvkFd1aqqEuPfN7E68ZHEp9hDj6lHj4Hyw=="
    },
    "fuzzy": {
      "version": "0.1.3",
      "resolved": "https://registry.npmjs.org/fuzzy/-/fuzzy-0.1.3.tgz",
      "integrity": "sha1-THbsL/CsGjap3M+aAN+GIweNTtg="
    },
    "linq": {
      "version": "3.2.1",
      "resolved": "https://registry.npmjs.org/linq/-/linq-3.2.1.tgz",
      "integrity": "sha512-BEhjQpbvrKPWlg5m/+PXTHsQoXzzR0UWCvgI8Hm+WtUMtTwPvw9Tay5CWfqsWSVk81wqbHNDFpFXyqBmm4/dqA=="
    },
    "lodash": {
      "version": "4.17.15",
      "resolved": "https://registry.npmjs.org/lodash/-/lodash-4.17.15.tgz",
      "integrity": "sha512-8xOcRHvCjnocdS5cpwXQXVzmmh5e5+saE2QGoeQmbKmRS6J3VQppPOIt0MnmE+4xlZoumy0GPG0D0MVIQbNA1A=="
    }
  }
}
